
Microsoft Visual Studio Solution File, Format Version 12.00
# Visual Studio Version 17
VisualStudioVersion = 17.5.002.0
MinimumVisualStudioVersion = 10.0.40219.1
Project("{9A19103F-16F7-4668-BE54-9A1E7A4F7556}") = "PlatformDemo.WebApp", "PlatformDemo.WebApp.csproj", "{7D2921AB-5E35-4430-926D-2FCE39DDB335}"
EndProject
Global
	GlobalSection(SolutionConfigurationPlatforms) = preSolution
		Debug|Any CPU = Debug|Any CPU
		Release|Any CPU = Release|Any CPU
	EndGlobalSection
	GlobalSection(ProjectConfigurationPlatforms) = postSolution
		{7D2921AB-5E35-4430-926D-2FCE39DDB335}.Debug|Any CPU.ActiveCfg = Debug|Any CPU
		{7D2921AB-5E35-4430-926D-2FCE39DDB335}.Debug|Any CPU.Build.0 = Debug|Any CPU
		{7D2921AB-5E35-4430-926D-2FCE39DDB335}.Release|Any CPU.ActiveCfg = Release|Any CPU
		{7D2921AB-5E35-4430-926D-2FCE39DDB335}.Release|Any CPU.Build.0 = Release|Any CPU
	EndGlobalSection
	GlobalSection(SolutionProperties) = preSolution
		HideSolutionNode = FALSE
	EndGlobalSection
	GlobalSection(ExtensibilityGlobals) = postSolution
		SolutionGuid = {B6512754-44F5-4C3A-B0BF-A19F0CF9D936}
	EndGlobalSection
EndGlobal
